{
  "version": 4,
  "terraform_version": "1.1.3",
  "serial": 35,
  "lineage": "1f9f45c9-2f1a-f670-d79d-516d3906fdf8",
  "outputs": {},
  "resources": [
    {
      "mode": "managed",
      "type": "aws_codebuild_project",
      "name": "tf-goreleaser-ecr",
      "provider": "provider[\"registry.terraform.io/hashicorp/aws\"]",
      "instances": [
        {
          "schema_version": 0,
          "attributes": {
            "arn": "arn:aws:codebuild:us-west-2:776727604074:project/tf-goreleaser-ecr",
            "artifacts": [
              {
                "artifact_identifier": "",
                "encryption_disabled": false,
                "location": "",
                "name": "",
                "namespace_type": "",
                "override_artifact_name": false,
                "packaging": "",
                "path": "",
                "type": "NO_ARTIFACTS"
              }
            ],
            "badge_enabled": false,
            "badge_url": "",
            "build_batch_config": [],
            "build_timeout": 20,
            "cache": [
              {
                "location": "",
                "modes": [
                  "LOCAL_DOCKER_LAYER_CACHE",
                  "LOCAL_SOURCE_CACHE"
                ],
                "type": "LOCAL"
              }
            ],
            "concurrent_build_limit": 0,
            "description": "tf-goreleaser-ecr CI sample",
            "encryption_key": "arn:aws:kms:us-west-2:776727604074:alias/aws/s3",
            "environment": [
              {
                "certificate": "",
                "compute_type": "BUILD_GENERAL1_MEDIUM",
                "environment_variable": [
                  {
                    "name": "GITHUB_TOKEN",
                    "type": "PARAMETER_STORE",
                    "value": "GITHUB_TOKEN"
                  },
                  {
                    "name": "DOCKER_HUB_ACCESS_TOKEN",
                    "type": "PARAMETER_STORE",
                    "value": "DOCKER_HUB_ACCESS_TOKEN"
                  }
                ],
                "image": "aws/codebuild/amazonlinux2-x86_64-standard:3.0",
                "image_pull_credentials_type": "CODEBUILD",
                "privileged_mode": true,
                "registry_credential": [],
                "type": "LINUX_CONTAINER"
              }
            ],
            "file_system_locations": [],
            "id": "arn:aws:codebuild:us-west-2:776727604074:project/tf-goreleaser-ecr",
            "logs_config": [
              {
                "cloudwatch_logs": [
                  {
                    "group_name": "tf-goreleaser-ecr_build",
                    "status": "ENABLED",
                    "stream_name": ""
                  }
                ],
                "s3_logs": [
                  {
                    "encryption_disabled": false,
                    "location": "",
                    "status": "DISABLED"
                  }
                ]
              }
            ],
            "name": "tf-goreleaser-ecr",
            "queued_timeout": 5,
            "secondary_artifacts": [],
            "secondary_sources": [],
            "service_role": "arn:aws:iam::776727604074:role/service-role/codebuild",
            "source": [
              {
                "auth": [],
                "build_status_config": [],
                "buildspec": "",
                "git_clone_depth": 0,
                "git_submodules_config": [],
                "insecure_ssl": false,
                "location": "https://github.com/prabhatsharma/tf-goreleaser-ecr.git",
                "report_build_status": false,
                "type": "GITHUB"
              }
            ],
            "source_version": "",
            "tags": {},
            "tags_all": {},
            "vpc_config": []
          },
          "sensitive_attributes": [],
          "private": "bnVsbA=="
        }
      ]
    },
    {
      "mode": "managed",
      "type": "aws_codebuild_webhook",
      "name": "tf-goreleaser-ecr",
      "provider": "provider[\"registry.terraform.io/hashicorp/aws\"]",
      "instances": [
        {
          "schema_version": 0,
          "attributes": {
            "branch_filter": "",
            "build_type": "BUILD",
            "filter_group": [
              {
                "filter": [
                  {
                    "exclude_matched_pattern": false,
                    "pattern": "PUSH",
                    "type": "EVENT"
                  },
                  {
                    "exclude_matched_pattern": false,
                    "pattern": "^refs/tags/.*",
                    "type": "HEAD_REF"
                  }
                ]
              }
            ],
            "id": "tf-goreleaser-ecr",
            "payload_url": "https://codebuild.us-west-2.amazonaws.com/webhooks?t=eyJlbmNyeXB0ZWREYXRhIjoiN0oyMEhjN1lUVUdJcmVJYUdCT1IvdmFISkJ3QTVLcHpUa1pvYkIzMUdFQzB2eTVVNzkzclIzTWFwd0JwTzZMWW1ZeDZUZ1pXL1krMDUrNWdwcVBINlJJPSIsIml2UGFyYW1ldGVyU3BlYyI6Ik9kR09YdlczekluRm9KTTIiLCJtYXRlcmlhbFNldFNlcmlhbCI6MX0%3D\u0026v=1",
            "project_name": "tf-goreleaser-ecr",
            "secret": "",
            "url": "https://api.github.com/repos/prabhatsharma/tf-goreleaser-ecr/hooks/337867237"
          },
          "sensitive_attributes": [],
          "private": "bnVsbA==",
          "dependencies": [
            "aws_codebuild_project.tf-goreleaser-ecr"
          ]
        }
      ]
    }
  ]
}
